
Microsoft Visual Studio Solution File, Format Version 12.00
# Visual Studio Version 16
VisualStudioVersion = 16.0.30413.136
MinimumVisualStudioVersion = 10.0.40219.1
Project("{FAE04EC0-301F-11D3-BF4B-00C04F79EFBC}") = "888067.Actividad03", "888067.Actividad03.csproj", "{E4B93034-4F3D-420A-B06B-519310F5ED52}"
EndProject
Global
	GlobalSection(SolutionConfigurationPlatforms) = preSolution
		Debug|Any CPU = Debug|Any CPU
		Release|Any CPU = Release|Any CPU
	EndGlobalSection
	GlobalSection(ProjectConfigurationPlatforms) = postSolution
		{E4B93034-4F3D-420A-B06B-519310F5ED52}.Debug|Any CPU.ActiveCfg = Debug|Any CPU
		{E4B93034-4F3D-420A-B06B-519310F5ED52}.Debug|Any CPU.Build.0 = Debug|Any CPU
		{E4B93034-4F3D-420A-B06B-519310F5ED52}.Release|Any CPU.ActiveCfg = Release|Any CPU
		{E4B93034-4F3D-420A-B06B-519310F5ED52}.Release|Any CPU.Build.0 = Release|Any CPU
	EndGlobalSection
	GlobalSection(SolutionProperties) = preSolution
		HideSolutionNode = FALSE
	EndGlobalSection
	GlobalSection(ExtensibilityGlobals) = postSolution
		SolutionGuid = {FCA62F5D-A976-4CE9-BB6F-C8558374F801}
	EndGlobalSection
EndGlobal
